
Microsoft Visual Studio Solution File, Format Version 12.00
# Visual Studio Version 16
VisualStudioVersion = 16.0.31220.234
MinimumVisualStudioVersion = 10.0.40219.1
Project("{2150E333-8FDC-42A3-9474-1A3956D46DE8}") = "src", "src", "{C52A0EA8-E77E-4C09-9961-2C67D60921C7}"
EndProject
Project("{2150E333-8FDC-42A3-9474-1A3956D46DE8}") = "Domain", "Domain", "{0A4C36FD-5914-4C05-B178-6C19D86436CB}"
EndProject
Project("{2150E333-8FDC-42A3-9474-1A3956D46DE8}") = "Gateway", "Gateway", "{7F3E73FC-81CA-4E86-8BD4-DD18615222F7}"
EndProject
Project("{2150E333-8FDC-42A3-9474-1A3956D46DE8}") = "Infrastructure", "Infrastructure", "{21832B89-4B46-4931-B210-15AF6CA6E42B}"
EndProject
Project("{2150E333-8FDC-42A3-9474-1A3956D46DE8}") = "Services", "Services", "{11AF20E8-EB14-498E-BCDB-5F25273B90F9}"
EndProject
Project("{FAE04EC0-301F-11D3-BF4B-00C04F79EFBC}") = "Atlantic.Domain.Core", "src\Domain\Atlantic.Domain.Core\Atlantic.Domain.Core.csproj", "{C006F59A-4DCE-4495-91FF-D80321D1BCC9}"
EndProject
Project("{FAE04EC0-301F-11D3-BF4B-00C04F79EFBC}") = "Atlantic.Infrastructure.Bus", "src\Infrastructure\Atlantic.Infrastructure.Bus\Atlantic.Infrastructure.Bus.csproj", "{FEA98EEE-36BB-4AA6-9048-9C43EDB905E6}"
EndProject
Project("{FAE04EC0-301F-11D3-BF4B-00C04F79EFBC}") = "Atlantic.Infrastructure.IOC", "src\Infrastructure\Atlantic.Infrastructure.IOC\Atlantic.Infrastructure.IOC.csproj", "{9C09B781-3890-457A-BC6E-656FB75EF800}"
EndProject
Project("{2150E333-8FDC-42A3-9474-1A3956D46DE8}") = "MasterData", "MasterData", "{E811C408-73B4-4BA3-88E2-C5259B947835}"
EndProject
Project("{2150E333-8FDC-42A3-9474-1A3956D46DE8}") = "Registration", "Registration", "{9CB46912-6044-4D20-8AAA-74FBAD243FCF}"
EndProject
Project("{2150E333-8FDC-42A3-9474-1A3956D46DE8}") = "Membership", "Membership", "{A5D5F81B-E0EE-4BD3-B0EC-097D5335D384}"
EndProject
Project("{2150E333-8FDC-42A3-9474-1A3956D46DE8}") = "Search", "Search", "{4E476EE0-6C3C-4137-BABA-23D56A736722}"
EndProject
Project("{FAE04EC0-301F-11D3-BF4B-00C04F79EFBC}") = "Atlantic.MasterData.Domain", "src\Services\MasterData\Atlantic.MasterData.Domain\Atlantic.MasterData.Domain.csproj", "{CC6D95B8-67A6-4334-A451-90175EB3C71F}"
EndProject
Project("{FAE04EC0-301F-11D3-BF4B-00C04F79EFBC}") = "Atlantic.MasterData.Data", "src\Services\MasterData\Atlantic.MasterData.Data\Atlantic.MasterData.Data.csproj", "{0EB51317-67CC-44A1-99F2-825BDBE63D1F}"
EndProject
Project("{FAE04EC0-301F-11D3-BF4B-00C04F79EFBC}") = "Atlantic.MasterData.Application", "src\Services\MasterData\Atlantic.MasterData.Application\Atlantic.MasterData.Application.csproj", "{AF727978-3049-4CD4-A024-E171C349D3DC}"
EndProject
Project("{FAE04EC0-301F-11D3-BF4B-00C04F79EFBC}") = "Atlantic.MasterData.API", "src\Services\MasterData\Atlantic.MasterData.API\Atlantic.MasterData.API.csproj", "{4B12F2AB-53BD-4EFE-A5DB-2403262443B6}"
EndProject
Project("{FAE04EC0-301F-11D3-BF4B-00C04F79EFBC}") = "Atlantic.Registration.Domain", "src\Services\Registration\Atlantic.Registration.Domain\Atlantic.Registration.Domain.csproj", "{9BBCC111-93F5-4FFA-8B34-DD5CC76B02DD}"
EndProject
Project("{FAE04EC0-301F-11D3-BF4B-00C04F79EFBC}") = "Atlantic.Registration.Data", "src\Services\Registration\Atlantic.Registration.Data\Atlantic.Registration.Data.csproj", "{37D94CB3-0227-4DEE-8F56-6FEF89CCE763}"
EndProject
Project("{FAE04EC0-301F-11D3-BF4B-00C04F79EFBC}") = "Atlantic.Registration.Application", "src\Services\Registration\Atlantic.Registration.Application\Atlantic.Registration.Application.csproj", "{94641013-4BC4-4122-AF50-908DCDC2F885}"
EndProject
Project("{FAE04EC0-301F-11D3-BF4B-00C04F79EFBC}") = "Atlantic.Registration.Infrastructure", "src\Services\Registration\Atlantic.Registration.Infrastructure\Atlantic.Registration.Infrastructure.csproj", "{CC273B97-12F0-4865-87EF-9E85AE5B44B2}"
EndProject
Project("{FAE04EC0-301F-11D3-BF4B-00C04F79EFBC}") = "Atlantic.Registration.API", "src\Services\Registration\Atlantic.Registration.API\Atlantic.Registration.API.csproj", "{6D8EBEC1-7F3C-4347-BA4E-6ED30FB84997}"
EndProject
Global
	GlobalSection(SolutionConfigurationPlatforms) = preSolution
		Debug|Any CPU = Debug|Any CPU
		Release|Any CPU = Release|Any CPU
	EndGlobalSection
	GlobalSection(ProjectConfigurationPlatforms) = postSolution
		{C006F59A-4DCE-4495-91FF-D80321D1BCC9}.Debug|Any CPU.ActiveCfg = Debug|Any CPU
		{C006F59A-4DCE-4495-91FF-D80321D1BCC9}.Debug|Any CPU.Build.0 = Debug|Any CPU
		{C006F59A-4DCE-4495-91FF-D80321D1BCC9}.Release|Any CPU.ActiveCfg = Release|Any CPU
		{C006F59A-4DCE-4495-91FF-D80321D1BCC9}.Release|Any CPU.Build.0 = Release|Any CPU
		{FEA98EEE-36BB-4AA6-9048-9C43EDB905E6}.Debug|Any CPU.ActiveCfg = Debug|Any CPU
		{FEA98EEE-36BB-4AA6-9048-9C43EDB905E6}.Debug|Any CPU.Build.0 = Debug|Any CPU
		{FEA98EEE-36BB-4AA6-9048-9C43EDB905E6}.Release|Any CPU.ActiveCfg = Release|Any CPU
		{FEA98EEE-36BB-4AA6-9048-9C43EDB905E6}.Release|Any CPU.Build.0 = Release|Any CPU
		{9C09B781-3890-457A-BC6E-656FB75EF800}.Debug|Any CPU.ActiveCfg = Debug|Any CPU
		{9C09B781-3890-457A-BC6E-656FB75EF800}.Debug|Any CPU.Build.0 = Debug|Any CPU
		{9C09B781-3890-457A-BC6E-656FB75EF800}.Release|Any CPU.ActiveCfg = Release|Any CPU
		{9C09B781-3890-457A-BC6E-656FB75EF800}.Release|Any CPU.Build.0 = Release|Any CPU
		{CC6D95B8-67A6-4334-A451-90175EB3C71F}.Debug|Any CPU.ActiveCfg = Debug|Any CPU
		{CC6D95B8-67A6-4334-A451-90175EB3C71F}.Debug|Any CPU.Build.0 = Debug|Any CPU
		{CC6D95B8-67A6-4334-A451-90175EB3C71F}.Release|Any CPU.ActiveCfg = Release|Any CPU
		{CC6D95B8-67A6-4334-A451-90175EB3C71F}.Release|Any CPU.Build.0 = Release|Any CPU
		{0EB51317-67CC-44A1-99F2-825BDBE63D1F}.Debug|Any CPU.ActiveCfg = Debug|Any CPU
		{0EB51317-67CC-44A1-99F2-825BDBE63D1F}.Debug|Any CPU.Build.0 = Debug|Any CPU
		{0EB51317-67CC-44A1-99F2-825BDBE63D1F}.Release|Any CPU.ActiveCfg = Release|Any CPU
		{0EB51317-67CC-44A1-99F2-825BDBE63D1F}.Release|Any CPU.Build.0 = Release|Any CPU
		{AF727978-3049-4CD4-A024-E171C349D3DC}.Debug|Any CPU.ActiveCfg = Debug|Any CPU
		{AF727978-3049-4CD4-A024-E171C349D3DC}.Debug|Any CPU.Build.0 = Debug|Any CPU
		{AF727978-3049-4CD4-A024-E171C349D3DC}.Release|Any CPU.ActiveCfg = Release|Any CPU
		{AF727978-3049-4CD4-A024-E171C349D3DC}.Release|Any CPU.Build.0 = Release|Any CPU
		{4B12F2AB-53BD-4EFE-A5DB-2403262443B6}.Debug|Any CPU.ActiveCfg = Debug|Any CPU
		{4B12F2AB-53BD-4EFE-A5DB-2403262443B6}.Debug|Any CPU.Build.0 = Debug|Any CPU
		{4B12F2AB-53BD-4EFE-A5DB-2403262443B6}.Release|Any CPU.ActiveCfg = Release|Any CPU
		{4B12F2AB-53BD-4EFE-A5DB-2403262443B6}.Release|Any CPU.Build.0 = Release|Any CPU
		{9BBCC111-93F5-4FFA-8B34-DD5CC76B02DD}.Debug|Any CPU.ActiveCfg = Debug|Any CPU
		{9BBCC111-93F5-4FFA-8B34-DD5CC76B02DD}.Debug|Any CPU.Build.0 = Debug|Any CPU
		{9BBCC111-93F5-4FFA-8B34-DD5CC76B02DD}.Release|Any CPU.ActiveCfg = Release|Any CPU
		{9BBCC111-93F5-4FFA-8B34-DD5CC76B02DD}.Release|Any CPU.Build.0 = Release|Any CPU
		{37D94CB3-0227-4DEE-8F56-6FEF89CCE763}.Debug|Any CPU.ActiveCfg = Debug|Any CPU
		{37D94CB3-0227-4DEE-8F56-6FEF89CCE763}.Debug|Any CPU.Build.0 = Debug|Any CPU
		{37D94CB3-0227-4DEE-8F56-6FEF89CCE763}.Release|Any CPU.ActiveCfg = Release|Any CPU
		{37D94CB3-0227-4DEE-8F56-6FEF89CCE763}.Release|Any CPU.Build.0 = Release|Any CPU
		{94641013-4BC4-4122-AF50-908DCDC2F885}.Debug|Any CPU.ActiveCfg = Debug|Any CPU
		{94641013-4BC4-4122-AF50-908DCDC2F885}.Debug|Any CPU.Build.0 = Debug|Any CPU
		{94641013-4BC4-4122-AF50-908DCDC2F885}.Release|Any CPU.ActiveCfg = Release|Any CPU
		{94641013-4BC4-4122-AF50-908DCDC2F885}.Release|Any CPU.Build.0 = Release|Any CPU
		{CC273B97-12F0-4865-87EF-9E85AE5B44B2}.Debug|Any CPU.ActiveCfg = Debug|Any CPU
		{CC273B97-12F0-4865-87EF-9E85AE5B44B2}.Debug|Any CPU.Build.0 = Debug|Any CPU
		{CC273B97-12F0-4865-87EF-9E85AE5B44B2}.Release|Any CPU.ActiveCfg = Release|Any CPU
		{CC273B97-12F0-4865-87EF-9E85AE5B44B2}.Release|Any CPU.Build.0 = Release|Any CPU
		{6D8EBEC1-7F3C-4347-BA4E-6ED30FB84997}.Debug|Any CPU.ActiveCfg = Debug|Any CPU
		{6D8EBEC1-7F3C-4347-BA4E-6ED30FB84997}.Debug|Any CPU.Build.0 = Debug|Any CPU
		{6D8EBEC1-7F3C-4347-BA4E-6ED30FB84997}.Release|Any CPU.ActiveCfg = Release|Any CPU
		{6D8EBEC1-7F3C-4347-BA4E-6ED30FB84997}.Release|Any CPU.Build.0 = Release|Any CPU
	EndGlobalSection
	GlobalSection(SolutionProperties) = preSolution
		HideSolutionNode = FALSE
	EndGlobalSection
	GlobalSection(NestedProjects) = preSolution
		{0A4C36FD-5914-4C05-B178-6C19D86436CB} = {C52A0EA8-E77E-4C09-9961-2C67D60921C7}
		{7F3E73FC-81CA-4E86-8BD4-DD18615222F7} = {C52A0EA8-E77E-4C09-9961-2C67D60921C7}
		{21832B89-4B46-4931-B210-15AF6CA6E42B} = {C52A0EA8-E77E-4C09-9961-2C67D60921C7}
		{11AF20E8-EB14-498E-BCDB-5F25273B90F9} = {C52A0EA8-E77E-4C09-9961-2C67D60921C7}
		{C006F59A-4DCE-4495-91FF-D80321D1BCC9} = {0A4C36FD-5914-4C05-B178-6C19D86436CB}
		{FEA98EEE-36BB-4AA6-9048-9C43EDB905E6} = {21832B89-4B46-4931-B210-15AF6CA6E42B}
		{9C09B781-3890-457A-BC6E-656FB75EF800} = {21832B89-4B46-4931-B210-15AF6CA6E42B}
		{E811C408-73B4-4BA3-88E2-C5259B947835} = {11AF20E8-EB14-498E-BCDB-5F25273B90F9}
		{9CB46912-6044-4D20-8AAA-74FBAD243FCF} = {11AF20E8-EB14-498E-BCDB-5F25273B90F9}
		{A5D5F81B-E0EE-4BD3-B0EC-097D5335D384} = {11AF20E8-EB14-498E-BCDB-5F25273B90F9}
		{4E476EE0-6C3C-4137-BABA-23D56A736722} = {11AF20E8-EB14-498E-BCDB-5F25273B90F9}
		{CC6D95B8-67A6-4334-A451-90175EB3C71F} = {E811C408-73B4-4BA3-88E2-C5259B947835}
		{0EB51317-67CC-44A1-99F2-825BDBE63D1F} = {E811C408-73B4-4BA3-88E2-C5259B947835}
		{AF727978-3049-4CD4-A024-E171C349D3DC} = {E811C408-73B4-4BA3-88E2-C5259B947835}
		{4B12F2AB-53BD-4EFE-A5DB-2403262443B6} = {E811C408-73B4-4BA3-88E2-C5259B947835}
		{9BBCC111-93F5-4FFA-8B34-DD5CC76B02DD} = {9CB46912-6044-4D20-8AAA-74FBAD243FCF}
		{37D94CB3-0227-4DEE-8F56-6FEF89CCE763} = {9CB46912-6044-4D20-8AAA-74FBAD243FCF}
		{94641013-4BC4-4122-AF50-908DCDC2F885} = {9CB46912-6044-4D20-8AAA-74FBAD243FCF}
		{CC273B97-12F0-4865-87EF-9E85AE5B44B2} = {9CB46912-6044-4D20-8AAA-74FBAD243FCF}
		{6D8EBEC1-7F3C-4347-BA4E-6ED30FB84997} = {9CB46912-6044-4D20-8AAA-74FBAD243FCF}
	EndGlobalSection
	GlobalSection(ExtensibilityGlobals) = postSolution
		SolutionGuid = {93E4E1FF-1D2F-4024-BD67-1E90F2DE9A1A}
	EndGlobalSection
EndGlobal
